
Microsoft Visual Studio Solution File, Format Version 12.00
# Visual Studio Version 17
VisualStudioVersion = 17.14.36119.2 d17.14
MinimumVisualStudioVersion = 10.0.40219.1
Project("{FAE04EC0-301F-11D3-BF4B-00C04F79EFBC}") = "Test1", "Test1\Test1.csproj", "{3A651071-AAF8-4892-8F85-8926B79CB4B8}"
EndProject
Project("{FAE04EC0-301F-11D3-BF4B-00C04F79EFBC}") = "Test1.Tests", "Test1.Tests\Test1.Tests.csproj", "{EE82562E-46C3-47AA-A667-9C3DC4CC2B31}"
EndProject
Global
	GlobalSection(SolutionConfigurationPlatforms) = preSolution
		Debug|Any CPU = Debug|Any CPU
		Release|Any CPU = Release|Any CPU
	EndGlobalSection
	GlobalSection(ProjectConfigurationPlatforms) = postSolution
		{3A651071-AAF8-4892-8F85-8926B79CB4B8}.Debug|Any CPU.ActiveCfg = Debug|Any CPU
		{3A651071-AAF8-4892-8F85-8926B79CB4B8}.Debug|Any CPU.Build.0 = Debug|Any CPU
		{3A651071-AAF8-4892-8F85-8926B79CB4B8}.Release|Any CPU.ActiveCfg = Release|Any CPU
		{3A651071-AAF8-4892-8F85-8926B79CB4B8}.Release|Any CPU.Build.0 = Release|Any CPU
		{EE82562E-46C3-47AA-A667-9C3DC4CC2B31}.Debug|Any CPU.ActiveCfg = Debug|Any CPU
		{EE82562E-46C3-47AA-A667-9C3DC4CC2B31}.Debug|Any CPU.Build.0 = Debug|Any CPU
		{EE82562E-46C3-47AA-A667-9C3DC4CC2B31}.Release|Any CPU.ActiveCfg = Release|Any CPU
		{EE82562E-46C3-47AA-A667-9C3DC4CC2B31}.Release|Any CPU.Build.0 = Release|Any CPU
	EndGlobalSection
	GlobalSection(SolutionProperties) = preSolution
		HideSolutionNode = FALSE
	EndGlobalSection
	GlobalSection(ExtensibilityGlobals) = postSolution
		SolutionGuid = {908F8176-4477-448C-8EAC-F68E18E326A4}
	EndGlobalSection
EndGlobal
